
Microsoft Visual Studio Solution File, Format Version 12.00
# Visual Studio Version 17
VisualStudioVersion = 17.10.34928.147
MinimumVisualStudioVersion = 10.0.40219.1
Project("{FAE04EC0-301F-11D3-BF4B-00C04F79EFBC}") = "unit_tests", "unit_tests\unit_tests.csproj", "{148C014E-988A-4574-866E-F13096D82FDC}"
EndProject
Project("{FAE04EC0-301F-11D3-BF4B-00C04F79EFBC}") = "SearchWords_ClassLibrary", "SearchWords_ClassLibrary\SearchWords_ClassLibrary.csproj", "{8AE14D23-4D12-4261-AA25-21147C29C4E5}"
EndProject
Global
	GlobalSection(SolutionConfigurationPlatforms) = preSolution
		Debug|Any CPU = Debug|Any CPU
		Release|Any CPU = Release|Any CPU
	EndGlobalSection
	GlobalSection(ProjectConfigurationPlatforms) = postSolution
		{148C014E-988A-4574-866E-F13096D82FDC}.Debug|Any CPU.ActiveCfg = Debug|Any CPU
		{148C014E-988A-4574-866E-F13096D82FDC}.Debug|Any CPU.Build.0 = Debug|Any CPU
		{148C014E-988A-4574-866E-F13096D82FDC}.Release|Any CPU.ActiveCfg = Release|Any CPU
		{148C014E-988A-4574-866E-F13096D82FDC}.Release|Any CPU.Build.0 = Release|Any CPU
		{8AE14D23-4D12-4261-AA25-21147C29C4E5}.Debug|Any CPU.ActiveCfg = Debug|Any CPU
		{8AE14D23-4D12-4261-AA25-21147C29C4E5}.Debug|Any CPU.Build.0 = Debug|Any CPU
		{8AE14D23-4D12-4261-AA25-21147C29C4E5}.Release|Any CPU.ActiveCfg = Release|Any CPU
		{8AE14D23-4D12-4261-AA25-21147C29C4E5}.Release|Any CPU.Build.0 = Release|Any CPU
	EndGlobalSection
	GlobalSection(SolutionProperties) = preSolution
		HideSolutionNode = FALSE
	EndGlobalSection
	GlobalSection(ExtensibilityGlobals) = postSolution
		SolutionGuid = {932E82AB-6ED3-463A-9A4D-6D49C78D41F0}
	EndGlobalSection
EndGlobal
